// !$*UTF8*$!
{
	archiveVersion = 1;
	classes = {
	};
	objectVersion = 46;
	objects = {

/* Begin PBXBuildFile section */
		DE0E00051D7E976300B70D62 /* RedRomaColors.framework in Frameworks */ = {isa = PBXBuildFile; fileRef = DE0E00041D7E976300B70D62 /* RedRomaColors.framework */; };
		DE0E00061D7E976300B70D62 /* RedRomaColors.framework in Embed Frameworks */ = {isa = PBXBuildFile; fileRef = DE0E00041D7E976300B70D62 /* RedRomaColors.framework */; settings = {ATTRIBUTES = (CodeSignOnCopy, RemoveHeadersOnCopy, ); }; };
		DE0E00081D7E984C00B70D62 /* WelcomePageViewController.swift in Sources */ = {isa = PBXBuildFile; fileRef = DE0E00071D7E984C00B70D62 /* WelcomePageViewController.swift */; };
		DE0EFFD61D7E843400B70D62 /* WelcomePage.swift in Sources */ = {isa = PBXBuildFile; fileRef = DE0EFFD51D7E843400B70D62 /* WelcomePage.swift */; };
		DE0EFFD91D7E856500B70D62 /* Strings+.swift in Sources */ = {isa = PBXBuildFile; fileRef = DE0EFFD81D7E856500B70D62 /* Strings+.swift */; };
		DE1294F71D6977F700687CA5 /* AppDelegate.swift in Sources */ = {isa = PBXBuildFile; fileRef = DE1294F61D6977F700687CA5 /* AppDelegate.swift */; };
		DE1294F91D6977F700687CA5 /* ViewController.swift in Sources */ = {isa = PBXBuildFile; fileRef = DE1294F81D6977F700687CA5 /* ViewController.swift */; };
		DE1294FC1D6977F700687CA5 /* Main.storyboard in Resources */ = {isa = PBXBuildFile; fileRef = DE1294FA1D6977F700687CA5 /* Main.storyboard */; };
		DE1294FE1D6977F700687CA5 /* Assets.xcassets in Resources */ = {isa = PBXBuildFile; fileRef = DE1294FD1D6977F700687CA5 /* Assets.xcassets */; };
		DE1295011D6977F700687CA5 /* LaunchScreen.storyboard in Resources */ = {isa = PBXBuildFile; fileRef = DE1294FF1D6977F700687CA5 /* LaunchScreen.storyboard */; };
		DE12950F1D6982FF00687CA5 /* Cinzel-Black.otf in Resources */ = {isa = PBXBuildFile; fileRef = DE1295091D6982FF00687CA5 /* Cinzel-Black.otf */; };
		DE1295101D6982FF00687CA5 /* Cinzel-Bold.otf in Resources */ = {isa = PBXBuildFile; fileRef = DE12950A1D6982FF00687CA5 /* Cinzel-Bold.otf */; };
		DE1295111D6982FF00687CA5 /* Cinzel-Regular.otf in Resources */ = {isa = PBXBuildFile; fileRef = DE12950B1D6982FF00687CA5 /* Cinzel-Regular.otf */; };
		DE1295121D6982FF00687CA5 /* CinzelDecorative-Black.otf in Resources */ = {isa = PBXBuildFile; fileRef = DE12950C1D6982FF00687CA5 /* CinzelDecorative-Black.otf */; };
		DE1295131D6982FF00687CA5 /* CinzelDecorative-Bold.otf in Resources */ = {isa = PBXBuildFile; fileRef = DE12950D1D6982FF00687CA5 /* CinzelDecorative-Bold.otf */; };
		DE1295141D6982FF00687CA5 /* CinzelDecorative-Regular.otf in Resources */ = {isa = PBXBuildFile; fileRef = DE12950E1D6982FF00687CA5 /* CinzelDecorative-Regular.otf */; };
		DE60BCC51D7B6AE800EF15C6 /* LexisDatabase.framework in Frameworks */ = {isa = PBXBuildFile; fileRef = DE60BCC41D7B6AE800EF15C6 /* LexisDatabase.framework */; };
		DE60BCC61D7B6AE800EF15C6 /* LexisDatabase.framework in Embed Frameworks */ = {isa = PBXBuildFile; fileRef = DE60BCC41D7B6AE800EF15C6 /* LexisDatabase.framework */; settings = {ATTRIBUTES = (CodeSignOnCopy, RemoveHeadersOnCopy, ); }; };
		DE60BCC91D7B6AF100EF15C6 /* Sulcus.framework in Frameworks */ = {isa = PBXBuildFile; fileRef = DE60BCC81D7B6AF100EF15C6 /* Sulcus.framework */; };
		DE60BCCA1D7B6AF100EF15C6 /* Sulcus.framework in Embed Frameworks */ = {isa = PBXBuildFile; fileRef = DE60BCC81D7B6AF100EF15C6 /* Sulcus.framework */; settings = {ATTRIBUTES = (CodeSignOnCopy, RemoveHeadersOnCopy, ); }; };
/* End PBXBuildFile section */

/* Begin PBXCopyFilesBuildPhase section */
		DE60BCC71D7B6AE800EF15C6 /* Embed Frameworks */ = {
			isa = PBXCopyFilesBuildPhase;
			buildActionMask = 2147483647;
			dstPath = "";
			dstSubfolderSpec = 10;
			files = (
				DE60BCC61D7B6AE800EF15C6 /* LexisDatabase.framework in Embed Frameworks */,
				DE60BCCA1D7B6AF100EF15C6 /* Sulcus.framework in Embed Frameworks */,
				DE0E00061D7E976300B70D62 /* RedRomaColors.framework in Embed Frameworks */,
			);
			name = "Embed Frameworks";
			runOnlyForDeploymentPostprocessing = 0;
		};
/* End PBXCopyFilesBuildPhase section */

/* Begin PBXFileReference section */
		DE0E00041D7E976300B70D62 /* RedRomaColors.framework */ = {isa = PBXFileReference; lastKnownFileType = wrapper.framework; path = RedRomaColors.framework; sourceTree = "<group>"; };
		DE0E00071D7E984C00B70D62 /* WelcomePageViewController.swift */ = {isa = PBXFileReference; fileEncoding = 4; lastKnownFileType = sourcecode.swift; path = WelcomePageViewController.swift; sourceTree = "<group>"; };
		DE0EFFD51D7E843400B70D62 /* WelcomePage.swift */ = {isa = PBXFileReference; fileEncoding = 4; lastKnownFileType = sourcecode.swift; path = WelcomePage.swift; sourceTree = "<group>"; };
		DE0EFFD81D7E856500B70D62 /* Strings+.swift */ = {isa = PBXFileReference; fileEncoding = 4; lastKnownFileType = sourcecode.swift; path = "Strings+.swift"; sourceTree = "<group>"; };
		DE1294F31D6977F700687CA5 /* Lexis.app */ = {isa = PBXFileReference; explicitFileType = wrapper.application; includeInIndex = 0; path = Lexis.app; sourceTree = BUILT_PRODUCTS_DIR; };
		DE1294F61D6977F700687CA5 /* AppDelegate.swift */ = {isa = PBXFileReference; lastKnownFileType = sourcecode.swift; path = AppDelegate.swift; sourceTree = "<group>"; };
		DE1294F81D6977F700687CA5 /* ViewController.swift */ = {isa = PBXFileReference; lastKnownFileType = sourcecode.swift; path = ViewController.swift; sourceTree = "<group>"; };
		DE1294FB1D6977F700687CA5 /* Base */ = {isa = PBXFileReference; lastKnownFileType = file.storyboard; name = Base; path = Base.lproj/Main.storyboard; sourceTree = "<group>"; };
		DE1294FD1D6977F700687CA5 /* Assets.xcassets */ = {isa = PBXFileReference; lastKnownFileType = folder.assetcatalog; path = Assets.xcassets; sourceTree = "<group>"; };
		DE1295001D6977F700687CA5 /* Base */ = {isa = PBXFileReference; lastKnownFileType = file.storyboard; name = Base; path = Base.lproj/LaunchScreen.storyboard; sourceTree = "<group>"; };
		DE1295021D6977F700687CA5 /* Info.plist */ = {isa = PBXFileReference; lastKnownFileType = text.plist.xml; path = Info.plist; sourceTree = "<group>"; };
		DE1295091D6982FF00687CA5 /* Cinzel-Black.otf */ = {isa = PBXFileReference; lastKnownFileType = file; path = "Cinzel-Black.otf"; sourceTree = "<group>"; };
		DE12950A1D6982FF00687CA5 /* Cinzel-Bold.otf */ = {isa = PBXFileReference; lastKnownFileType = file; path = "Cinzel-Bold.otf"; sourceTree = "<group>"; };
		DE12950B1D6982FF00687CA5 /* Cinzel-Regular.otf */ = {isa = PBXFileReference; lastKnownFileType = file; path = "Cinzel-Regular.otf"; sourceTree = "<group>"; };
		DE12950C1D6982FF00687CA5 /* CinzelDecorative-Black.otf */ = {isa = PBXFileReference; lastKnownFileType = file; path = "CinzelDecorative-Black.otf"; sourceTree = "<group>"; };
		DE12950D1D6982FF00687CA5 /* CinzelDecorative-Bold.otf */ = {isa = PBXFileReference; lastKnownFileType = file; path = "CinzelDecorative-Bold.otf"; sourceTree = "<group>"; };
		DE12950E1D6982FF00687CA5 /* CinzelDecorative-Regular.otf */ = {isa = PBXFileReference; lastKnownFileType = file; path = "CinzelDecorative-Regular.otf"; sourceTree = "<group>"; };
		DE60BCC21D7B6ADE00EF15C6 /* Sulcus.framework */ = {isa = PBXFileReference; lastKnownFileType = wrapper.framework; name = Sulcus.framework; path = ../Carthage/Build/iOS/Sulcus.framework; sourceTree = "<group>"; };
		DE60BCC41D7B6AE800EF15C6 /* LexisDatabase.framework */ = {isa = PBXFileReference; lastKnownFileType = wrapper.framework; path = LexisDatabase.framework; sourceTree = "<group>"; };
		DE60BCC81D7B6AF100EF15C6 /* Sulcus.framework */ = {isa = PBXFileReference; lastKnownFileType = wrapper.framework; path = Sulcus.framework; sourceTree = "<group>"; };
/* End PBXFileReference section */

/* Begin PBXFrameworksBuildPhase section */
		DE1294F01D6977F700687CA5 /* Frameworks */ = {
			isa = PBXFrameworksBuildPhase;
			buildActionMask = 2147483647;
			files = (
				DE60BCC51D7B6AE800EF15C6 /* LexisDatabase.framework in Frameworks */,
				DE60BCC91D7B6AF100EF15C6 /* Sulcus.framework in Frameworks */,
				DE0E00051D7E976300B70D62 /* RedRomaColors.framework in Frameworks */,
			);
			runOnlyForDeploymentPostprocessing = 0;
		};
/* End PBXFrameworksBuildPhase section */

/* Begin PBXGroup section */
		DE0EFFD41D7E813100B70D62 /* Welcome */ = {
			isa = PBXGroup;
			children = (
				DE0EFFD51D7E843400B70D62 /* WelcomePage.swift */,
				DE0E00071D7E984C00B70D62 /* WelcomePageViewController.swift */,
			);
			name = Welcome;
			sourceTree = "<group>";
		};
		DE0EFFD71D7E855000B70D62 /* Extensions */ = {
			isa = PBXGroup;
			children = (
				DE0EFFD81D7E856500B70D62 /* Strings+.swift */,
			);
			name = Extensions;
			sourceTree = "<group>";
		};
		DE1294EA1D6977F700687CA5 = {
			isa = PBXGroup;
			children = (
				DE0E00041D7E976300B70D62 /* RedRomaColors.framework */,
				DE60BCC81D7B6AF100EF15C6 /* Sulcus.framework */,
				DE60BCC41D7B6AE800EF15C6 /* LexisDatabase.framework */,
				DE1294F51D6977F700687CA5 /* Lexis */,
				DE1294F41D6977F700687CA5 /* Products */,
				DE60BCC11D7B6ADE00EF15C6 /* Frameworks */,
			);
			sourceTree = "<group>";
		};
		DE1294F41D6977F700687CA5 /* Products */ = {
			isa = PBXGroup;
			children = (
				DE1294F31D6977F700687CA5 /* Lexis.app */,
			);
			name = Products;
			sourceTree = "<group>";
		};
		DE1294F51D6977F700687CA5 /* Lexis */ = {
			isa = PBXGroup;
			children = (
				DE0EFFD71D7E855000B70D62 /* Extensions */,
				DE1295081D6982D100687CA5 /* Fonts */,
				DE0EFFD41D7E813100B70D62 /* Welcome */,
				DE1294F61D6977F700687CA5 /* AppDelegate.swift */,
				DE1294F81D6977F700687CA5 /* ViewController.swift */,
				DE1294FA1D6977F700687CA5 /* Main.storyboard */,
				DE1294FD1D6977F700687CA5 /* Assets.xcassets */,
				DE1294FF1D6977F700687CA5 /* LaunchScreen.storyboard */,
				DE1295021D6977F700687CA5 /* Info.plist */,
			);
			path = Lexis;
			sourceTree = "<group>";
		};
		DE1295081D6982D100687CA5 /* Fonts */ = {
			isa = PBXGroup;
			children = (
				DE1295091D6982FF00687CA5 /* Cinzel-Black.otf */,
				DE12950A1D6982FF00687CA5 /* Cinzel-Bold.otf */,
				DE12950B1D6982FF00687CA5 /* Cinzel-Regular.otf */,
				DE12950C1D6982FF00687CA5 /* CinzelDecorative-Black.otf */,
				DE12950D1D6982FF00687CA5 /* CinzelDecorative-Bold.otf */,
				DE12950E1D6982FF00687CA5 /* CinzelDecorative-Regular.otf */,
			);
			name = Fonts;
			sourceTree = "<group>";
		};
		DE60BCC11D7B6ADE00EF15C6 /* Frameworks */ = {
			isa = PBXGroup;
			children = (
				DE60BCC21D7B6ADE00EF15C6 /* Sulcus.framework */,
			);
			name = Frameworks;
			sourceTree = "<group>";
		};
/* End PBXGroup section */

/* Begin PBXNativeTarget section */
		DE1294F21D6977F700687CA5 /* Lexis */ = {
			isa = PBXNativeTarget;
			buildConfigurationList = DE1295051D6977F700687CA5 /* Build configuration list for PBXNativeTarget "Lexis" */;
			buildPhases = (
				DE1294EF1D6977F700687CA5 /* Sources */,
				DE1294F01D6977F700687CA5 /* Frameworks */,
				DE1294F11D6977F700687CA5 /* Resources */,
				DE60BCC71D7B6AE800EF15C6 /* Embed Frameworks */,
			);
			buildRules = (
			);
			dependencies = (
			);
			name = Lexis;
			productName = Lexis;
			productReference = DE1294F31D6977F700687CA5 /* Lexis.app */;
			productType = "com.apple.product-type.application";
		};
/* End PBXNativeTarget section */

/* Begin PBXProject section */
		DE1294EB1D6977F700687CA5 /* Project object */ = {
			isa = PBXProject;
			attributes = {
				LastSwiftUpdateCheck = 0800;
				LastUpgradeCheck = 0800;
				ORGANIZATIONNAME = "RedRoma, Inc.";
				TargetAttributes = {
					DE1294F21D6977F700687CA5 = {
						CreatedOnToolsVersion = 8.0;
						DevelopmentTeam = 5JBF7MD4UT;
						ProvisioningStyle = Automatic;
					};
				};
			};
			buildConfigurationList = DE1294EE1D6977F700687CA5 /* Build configuration list for PBXProject "Lexis" */;
			compatibilityVersion = "Xcode 3.2";
			developmentRegion = English;
			hasScannedForEncodings = 0;
			knownRegions = (
				en,
				Base,
			);
			mainGroup = DE1294EA1D6977F700687CA5;
			productRefGroup = DE1294F41D6977F700687CA5 /* Products */;
			projectDirPath = "";
			projectRoot = "";
			targets = (
				DE1294F21D6977F700687CA5 /* Lexis */,
			);
		};
/* End PBXProject section */

/* Begin PBXResourcesBuildPhase section */
		DE1294F11D6977F700687CA5 /* Resources */ = {
			isa = PBXResourcesBuildPhase;
			buildActionMask = 2147483647;
			files = (
				DE1295141D6982FF00687CA5 /* CinzelDecorative-Regular.otf in Resources */,
				DE1295101D6982FF00687CA5 /* Cinzel-Bold.otf in Resources */,
				DE1295131D6982FF00687CA5 /* CinzelDecorative-Bold.otf in Resources */,
				DE1295011D6977F700687CA5 /* LaunchScreen.storyboard in Resources */,
				DE1295121D6982FF00687CA5 /* CinzelDecorative-Black.otf in Resources */,
				DE1294FE1D6977F700687CA5 /* Assets.xcassets in Resources */,
				DE12950F1D6982FF00687CA5 /* Cinzel-Black.otf in Resources */,
				DE1294FC1D6977F700687CA5 /* Main.storyboard in Resources */,
				DE1295111D6982FF00687CA5 /* Cinzel-Regular.otf in Resources */,
			);
			runOnlyForDeploymentPostprocessing = 0;
		};
/* End PBXResourcesBuildPhase section */

/* Begin PBXSourcesBuildPhase section */
		DE1294EF1D6977F700687CA5 /* Sources */ = {
			isa = PBXSourcesBuildPhase;
			buildActionMask = 2147483647;
			files = (
				DE0EFFD61D7E843400B70D62 /* WelcomePage.swift in Sources */,
				DE1294F91D6977F700687CA5 /* ViewController.swift in Sources */,
				DE0EFFD91D7E856500B70D62 /* Strings+.swift in Sources */,
				DE1294F71D6977F700687CA5 /* AppDelegate.swift in Sources */,
				DE0E00081D7E984C00B70D62 /* WelcomePageViewController.swift in Sources */,
			);
			runOnlyForDeploymentPostprocessing = 0;
		};
/* End PBXSourcesBuildPhase section */

/* Begin PBXVariantGroup section */
		DE1294FA1D6977F700687CA5 /* Main.storyboard */ = {
			isa = PBXVariantGroup;
			children = (
				DE1294FB1D6977F700687CA5 /* Base */,
			);
			name = Main.storyboard;
			sourceTree = "<group>";
		};
		DE1294FF1D6977F700687CA5 /* LaunchScreen.storyboard */ = {
			isa = PBXVariantGroup;
			children = (
				DE1295001D6977F700687CA5 /* Base */,
			);
			name = LaunchScreen.storyboard;
			sourceTree = "<group>";
		};
/* End PBXVariantGroup section */

/* Begin XCBuildConfiguration section */
		DE1295031D6977F700687CA5 /* Debug */ = {
			isa = XCBuildConfiguration;
			buildSettings = {
				ALWAYS_SEARCH_USER_PATHS = NO;
				CLANG_ANALYZER_NONNULL = YES;
				CLANG_CXX_LANGUAGE_STANDARD = "gnu++0x";
				CLANG_CXX_LIBRARY = "libc++";
				CLANG_ENABLE_MODULES = YES;
				CLANG_ENABLE_OBJC_ARC = YES;
				CLANG_WARN_BOOL_CONVERSION = YES;
				CLANG_WARN_CONSTANT_CONVERSION = YES;
				CLANG_WARN_DIRECT_OBJC_ISA_USAGE = YES_ERROR;
				CLANG_WARN_DOCUMENTATION_COMMENTS = YES;
				CLANG_WARN_EMPTY_BODY = YES;
				CLANG_WARN_ENUM_CONVERSION = YES;
				CLANG_WARN_INFINITE_RECURSION = YES;
				CLANG_WARN_INT_CONVERSION = YES;
				CLANG_WARN_OBJC_ROOT_CLASS = YES_ERROR;
				CLANG_WARN_SUSPICIOUS_MOVES = YES;
				CLANG_WARN_UNREACHABLE_CODE = YES;
				CLANG_WARN__DUPLICATE_METHOD_MATCH = YES;
				"CODE_SIGN_IDENTITY[sdk=iphoneos*]" = "iPhone Developer";
				COPY_PHASE_STRIP = NO;
				DEBUG_INFORMATION_FORMAT = dwarf;
				ENABLE_STRICT_OBJC_MSGSEND = YES;
				ENABLE_TESTABILITY = YES;
				GCC_C_LANGUAGE_STANDARD = gnu99;
				GCC_DYNAMIC_NO_PIC = NO;
				GCC_NO_COMMON_BLOCKS = YES;
				GCC_OPTIMIZATION_LEVEL = 0;
				GCC_PREPROCESSOR_DEFINITIONS = (
					"DEBUG=1",
					"$(inherited)",
				);
				GCC_WARN_64_TO_32_BIT_CONVERSION = YES;
				GCC_WARN_ABOUT_RETURN_TYPE = YES_ERROR;
				GCC_WARN_UNDECLARED_SELECTOR = YES;
				GCC_WARN_UNINITIALIZED_AUTOS = YES_AGGRESSIVE;
				GCC_WARN_UNUSED_FUNCTION = YES;
				GCC_WARN_UNUSED_VARIABLE = YES;
				IPHONEOS_DEPLOYMENT_TARGET = 10.0;
				MTL_ENABLE_DEBUG_INFO = YES;
				ONLY_ACTIVE_ARCH = YES;
				SDKROOT = iphoneos;
				SWIFT_ACTIVE_COMPILATION_CONDITIONS = DEBUG;
				SWIFT_OPTIMIZATION_LEVEL = "-Onone";
				TARGETED_DEVICE_FAMILY = "1,2";
			};
			name = Debug;
		};
		DE1295041D6977F700687CA5 /* Release */ = {
			isa = XCBuildConfiguration;
			buildSettings = {
				ALWAYS_SEARCH_USER_PATHS = NO;
				CLANG_ANALYZER_NONNULL = YES;
				CLANG_CXX_LANGUAGE_STANDARD = "gnu++0x";
				CLANG_CXX_LIBRARY = "libc++";
				CLANG_ENABLE_MODULES = YES;
				CLANG_ENABLE_OBJC_ARC = YES;
				CLANG_WARN_BOOL_CONVERSION = YES;
				CLANG_WARN_CONSTANT_CONVERSION = YES;
				CLANG_WARN_DIRECT_OBJC_ISA_USAGE = YES_ERROR;
				CLANG_WARN_DOCUMENTATION_COMMENTS = YES;
				CLANG_WARN_EMPTY_BODY = YES;
				CLANG_WARN_ENUM_CONVERSION = YES;
				CLANG_WARN_INFINITE_RECURSION = YES;
				CLANG_WARN_INT_CONVERSION = YES;
				CLANG_WARN_OBJC_ROOT_CLASS = YES_ERROR;
				CLANG_WARN_SUSPICIOUS_MOVES = YES;
				CLANG_WARN_UNREACHABLE_CODE = YES;
				CLANG_WARN__DUPLICATE_METHOD_MATCH = YES;
				"CODE_SIGN_IDENTITY[sdk=iphoneos*]" = "iPhone Developer";
				COPY_PHASE_STRIP = NO;
				DEBUG_INFORMATION_FORMAT = "dwarf-with-dsym";
				ENABLE_NS_ASSERTIONS = NO;
				ENABLE_STRICT_OBJC_MSGSEND = YES;
				GCC_C_LANGUAGE_STANDARD = gnu99;
				GCC_NO_COMMON_BLOCKS = YES;
				GCC_WARN_64_TO_32_BIT_CONVERSION = YES;
				GCC_WARN_ABOUT_RETURN_TYPE = YES_ERROR;
				GCC_WARN_UNDECLARED_SELECTOR = YES;
				GCC_WARN_UNINITIALIZED_AUTOS = YES_AGGRESSIVE;
				GCC_WARN_UNUSED_FUNCTION = YES;
				GCC_WARN_UNUSED_VARIABLE = YES;
				IPHONEOS_DEPLOYMENT_TARGET = 10.0;
				MTL_ENABLE_DEBUG_INFO = NO;
				SDKROOT = iphoneos;
				SWIFT_OPTIMIZATION_LEVEL = "-Owholemodule";
				TARGETED_DEVICE_FAMILY = "1,2";
				VALIDATE_PRODUCT = YES;
			};
			name = Release;
		};
		DE1295061D6977F700687CA5 /* Debug */ = {
			isa = XCBuildConfiguration;
			buildSettings = {
				ASSETCATALOG_COMPILER_APPICON_NAME = AppIcon;
				DEVELOPMENT_TEAM = 5JBF7MD4UT;
				FRAMEWORK_SEARCH_PATHS = (
					"$(inherited)",
					"$(PROJECT_DIR)",
				);
				INFOPLIST_FILE = Lexis/Info.plist;
				LD_RUNPATH_SEARCH_PATHS = "$(inherited) @executable_path/Frameworks";
				PRODUCT_BUNDLE_IDENTIFIER = tech.redroma.Lexis;
				PRODUCT_NAME = "$(TARGET_NAME)";
				SWIFT_VERSION = 3.0;
			};
			name = Debug;
		};
		DE1295071D6977F700687CA5 /* Release */ = {
			isa = XCBuildConfiguration;
			buildSettings = {
				ASSETCATALOG_COMPILER_APPICON_NAME = AppIcon;
				DEVELOPMENT_TEAM = 5JBF7MD4UT;
				FRAMEWORK_SEARCH_PATHS = (
					"$(inherited)",
					"$(PROJECT_DIR)",
				);
				INFOPLIST_FILE = Lexis/Info.plist;
				LD_RUNPATH_SEARCH_PATHS = "$(inherited) @executable_path/Frameworks";
				PRODUCT_BUNDLE_IDENTIFIER = tech.redroma.Lexis;
				PRODUCT_NAME = "$(TARGET_NAME)";
				SWIFT_VERSION = 3.0;
			};
			name = Release;
		};
/* End XCBuildConfiguration section */

/* Begin XCConfigurationList section */
		DE1294EE1D6977F700687CA5 /* Build configuration list for PBXProject "Lexis" */ = {
			isa = XCConfigurationList;
			buildConfigurations = (
				DE1295031D6977F700687CA5 /* Debug */,
				DE1295041D6977F700687CA5 /* Release */,
			);
			defaultConfigurationIsVisible = 0;
			defaultConfigurationName = Release;
		};
		DE1295051D6977F700687CA5 /* Build configuration list for PBXNativeTarget "Lexis" */ = {
			isa = XCConfigurationList;
			buildConfigurations = (
				DE1295061D6977F700687CA5 /* Debug */,
				DE1295071D6977F700687CA5 /* Release */,
			);
			defaultConfigurationIsVisible = 0;
			defaultConfigurationName = Release;
		};
/* End XCConfigurationList section */
	};
	rootObject = DE1294EB1D6977F700687CA5 /* Project object */;
}
