// !$*UTF8*$!
{
	archiveVersion = 1;
	classes = {
	};
	objectVersion = 46;
	objects = {

/* Begin PBXBuildFile section */
		DE0E00081D7E984C00B70D62 /* WelcomePageViewController.swift in Sources */ = {isa = PBXBuildFile; fileRef = DE0E00071D7E984C00B70D62 /* WelcomePageViewController.swift */; };
		DE0E000A1D7E9A8A00B70D62 /* WelcomePageTemplateViewController.swift in Sources */ = {isa = PBXBuildFile; fileRef = DE0E00091D7E9A8A00B70D62 /* WelcomePageTemplateViewController.swift */; };
		DE0E87211D7FEF9900F42DB3 /* MainViewController.swift in Sources */ = {isa = PBXBuildFile; fileRef = DE0E87201D7FEF9900F42DB3 /* MainViewController.swift */; };
		DE0E87241D7FEFC900F42DB3 /* Settings.swift in Sources */ = {isa = PBXBuildFile; fileRef = DE0E87231D7FEFC900F42DB3 /* Settings.swift */; };
		DE0E872A1D7FF41D00F42DB3 /* Welcome.storyboard in Resources */ = {isa = PBXBuildFile; fileRef = DE0E87281D7FF41D00F42DB3 /* Welcome.storyboard */; };
		DE0EFFD61D7E843400B70D62 /* WelcomePage.swift in Sources */ = {isa = PBXBuildFile; fileRef = DE0EFFD51D7E843400B70D62 /* WelcomePage.swift */; };
		DE0EFFD91D7E856500B70D62 /* Strings+.swift in Sources */ = {isa = PBXBuildFile; fileRef = DE0EFFD81D7E856500B70D62 /* Strings+.swift */; };
		DE1294F71D6977F700687CA5 /* AppDelegate.swift in Sources */ = {isa = PBXBuildFile; fileRef = DE1294F61D6977F700687CA5 /* AppDelegate.swift */; };
		DE1294FC1D6977F700687CA5 /* Main.storyboard in Resources */ = {isa = PBXBuildFile; fileRef = DE1294FA1D6977F700687CA5 /* Main.storyboard */; };
		DE1294FE1D6977F700687CA5 /* Assets.xcassets in Resources */ = {isa = PBXBuildFile; fileRef = DE1294FD1D6977F700687CA5 /* Assets.xcassets */; };
		DE1295011D6977F700687CA5 /* LaunchScreen.storyboard in Resources */ = {isa = PBXBuildFile; fileRef = DE1294FF1D6977F700687CA5 /* LaunchScreen.storyboard */; };
		DE12950F1D6982FF00687CA5 /* Cinzel-Black.otf in Resources */ = {isa = PBXBuildFile; fileRef = DE1295091D6982FF00687CA5 /* Cinzel-Black.otf */; };
		DE1295101D6982FF00687CA5 /* Cinzel-Bold.otf in Resources */ = {isa = PBXBuildFile; fileRef = DE12950A1D6982FF00687CA5 /* Cinzel-Bold.otf */; };
		DE1295111D6982FF00687CA5 /* Cinzel-Regular.otf in Resources */ = {isa = PBXBuildFile; fileRef = DE12950B1D6982FF00687CA5 /* Cinzel-Regular.otf */; };
		DE1295121D6982FF00687CA5 /* CinzelDecorative-Black.otf in Resources */ = {isa = PBXBuildFile; fileRef = DE12950C1D6982FF00687CA5 /* CinzelDecorative-Black.otf */; };
		DE1295131D6982FF00687CA5 /* CinzelDecorative-Bold.otf in Resources */ = {isa = PBXBuildFile; fileRef = DE12950D1D6982FF00687CA5 /* CinzelDecorative-Bold.otf */; };
		DE1295141D6982FF00687CA5 /* CinzelDecorative-Regular.otf in Resources */ = {isa = PBXBuildFile; fileRef = DE12950E1D6982FF00687CA5 /* CinzelDecorative-Regular.otf */; };
		DE24652E1D8D174B00A138EB /* LexisTests.swift in Sources */ = {isa = PBXBuildFile; fileRef = DE24652D1D8D174B00A138EB /* LexisTests.swift */; };
		DE4DA29A1D8DF1D5003183F4 /* AlchemyGenerator.framework in Frameworks */ = {isa = PBXBuildFile; fileRef = DE4DA2921D8DF1D5003183F4 /* AlchemyGenerator.framework */; };
		DE4DA29C1D8DF1D5003183F4 /* AromaSwiftClient.framework in Frameworks */ = {isa = PBXBuildFile; fileRef = DE4DA2931D8DF1D5003183F4 /* AromaSwiftClient.framework */; };
		DE4DA29E1D8DF1D5003183F4 /* AromaThrift.framework in Frameworks */ = {isa = PBXBuildFile; fileRef = DE4DA2941D8DF1D5003183F4 /* AromaThrift.framework */; };
		DE4DA2A01D8DF1D5003183F4 /* LexisDatabase.framework in Frameworks */ = {isa = PBXBuildFile; fileRef = DE4DA2951D8DF1D5003183F4 /* LexisDatabase.framework */; };
		DE4DA2A21D8DF1D5003183F4 /* RedRomaColors.framework in Frameworks */ = {isa = PBXBuildFile; fileRef = DE4DA2961D8DF1D5003183F4 /* RedRomaColors.framework */; };
		DE4DA2A41D8DF1D5003183F4 /* Sulcus.framework in Frameworks */ = {isa = PBXBuildFile; fileRef = DE4DA2971D8DF1D5003183F4 /* Sulcus.framework */; };
		DE4DA2A61D8DF1D5003183F4 /* SwiftExceptionCatcher.framework in Frameworks */ = {isa = PBXBuildFile; fileRef = DE4DA2981D8DF1D5003183F4 /* SwiftExceptionCatcher.framework */; };
		DE4DA2A81D8DF278003183F4 /* AlchemyGenerator.framework in CopyFiles */ = {isa = PBXBuildFile; fileRef = DE4DA2921D8DF1D5003183F4 /* AlchemyGenerator.framework */; settings = {ATTRIBUTES = (CodeSignOnCopy, RemoveHeadersOnCopy, ); }; };
		DE4DA2A91D8DF278003183F4 /* AromaSwiftClient.framework in CopyFiles */ = {isa = PBXBuildFile; fileRef = DE4DA2931D8DF1D5003183F4 /* AromaSwiftClient.framework */; settings = {ATTRIBUTES = (CodeSignOnCopy, RemoveHeadersOnCopy, ); }; };
		DE4DA2AA1D8DF278003183F4 /* AromaThrift.framework in CopyFiles */ = {isa = PBXBuildFile; fileRef = DE4DA2941D8DF1D5003183F4 /* AromaThrift.framework */; settings = {ATTRIBUTES = (CodeSignOnCopy, RemoveHeadersOnCopy, ); }; };
		DE4DA2AB1D8DF278003183F4 /* LexisDatabase.framework in CopyFiles */ = {isa = PBXBuildFile; fileRef = DE4DA2951D8DF1D5003183F4 /* LexisDatabase.framework */; settings = {ATTRIBUTES = (CodeSignOnCopy, RemoveHeadersOnCopy, ); }; };
		DE4DA2AC1D8DF278003183F4 /* RedRomaColors.framework in CopyFiles */ = {isa = PBXBuildFile; fileRef = DE4DA2961D8DF1D5003183F4 /* RedRomaColors.framework */; settings = {ATTRIBUTES = (CodeSignOnCopy, RemoveHeadersOnCopy, ); }; };
		DE4DA2AD1D8DF278003183F4 /* Sulcus.framework in CopyFiles */ = {isa = PBXBuildFile; fileRef = DE4DA2971D8DF1D5003183F4 /* Sulcus.framework */; settings = {ATTRIBUTES = (CodeSignOnCopy, RemoveHeadersOnCopy, ); }; };
		DE4DA2AE1D8DF278003183F4 /* SwiftExceptionCatcher.framework in CopyFiles */ = {isa = PBXBuildFile; fileRef = DE4DA2981D8DF1D5003183F4 /* SwiftExceptionCatcher.framework */; settings = {ATTRIBUTES = (CodeSignOnCopy, RemoveHeadersOnCopy, ); }; };
		DE4DA2B71D8DF358003183F4 /* AlchemyGenerator.framework in Frameworks */ = {isa = PBXBuildFile; fileRef = DE4DA2921D8DF1D5003183F4 /* AlchemyGenerator.framework */; };
		DE4DA2B81D8DF358003183F4 /* AlchemyGenerator.framework in Embed Frameworks */ = {isa = PBXBuildFile; fileRef = DE4DA2921D8DF1D5003183F4 /* AlchemyGenerator.framework */; settings = {ATTRIBUTES = (CodeSignOnCopy, RemoveHeadersOnCopy, ); }; };
		DE4DA2B91D8DF358003183F4 /* AromaSwiftClient.framework in Frameworks */ = {isa = PBXBuildFile; fileRef = DE4DA2931D8DF1D5003183F4 /* AromaSwiftClient.framework */; };
		DE4DA2BA1D8DF358003183F4 /* AromaSwiftClient.framework in Embed Frameworks */ = {isa = PBXBuildFile; fileRef = DE4DA2931D8DF1D5003183F4 /* AromaSwiftClient.framework */; settings = {ATTRIBUTES = (CodeSignOnCopy, RemoveHeadersOnCopy, ); }; };
		DE4DA2BB1D8DF358003183F4 /* AromaThrift.framework in Frameworks */ = {isa = PBXBuildFile; fileRef = DE4DA2941D8DF1D5003183F4 /* AromaThrift.framework */; };
		DE4DA2BC1D8DF358003183F4 /* AromaThrift.framework in Embed Frameworks */ = {isa = PBXBuildFile; fileRef = DE4DA2941D8DF1D5003183F4 /* AromaThrift.framework */; settings = {ATTRIBUTES = (CodeSignOnCopy, RemoveHeadersOnCopy, ); }; };
		DE4DA2BD1D8DF358003183F4 /* LexisDatabase.framework in Frameworks */ = {isa = PBXBuildFile; fileRef = DE4DA2951D8DF1D5003183F4 /* LexisDatabase.framework */; };
		DE4DA2BE1D8DF358003183F4 /* LexisDatabase.framework in Embed Frameworks */ = {isa = PBXBuildFile; fileRef = DE4DA2951D8DF1D5003183F4 /* LexisDatabase.framework */; settings = {ATTRIBUTES = (CodeSignOnCopy, RemoveHeadersOnCopy, ); }; };
		DE4DA2BF1D8DF358003183F4 /* RedRomaColors.framework in Frameworks */ = {isa = PBXBuildFile; fileRef = DE4DA2961D8DF1D5003183F4 /* RedRomaColors.framework */; };
		DE4DA2C01D8DF358003183F4 /* RedRomaColors.framework in Embed Frameworks */ = {isa = PBXBuildFile; fileRef = DE4DA2961D8DF1D5003183F4 /* RedRomaColors.framework */; settings = {ATTRIBUTES = (CodeSignOnCopy, RemoveHeadersOnCopy, ); }; };
		DE4DA2C11D8DF358003183F4 /* Sulcus.framework in Frameworks */ = {isa = PBXBuildFile; fileRef = DE4DA2971D8DF1D5003183F4 /* Sulcus.framework */; };
		DE4DA2C21D8DF358003183F4 /* Sulcus.framework in Embed Frameworks */ = {isa = PBXBuildFile; fileRef = DE4DA2971D8DF1D5003183F4 /* Sulcus.framework */; settings = {ATTRIBUTES = (CodeSignOnCopy, RemoveHeadersOnCopy, ); }; };
		DE4DA2C31D8DF358003183F4 /* SwiftExceptionCatcher.framework in Frameworks */ = {isa = PBXBuildFile; fileRef = DE4DA2981D8DF1D5003183F4 /* SwiftExceptionCatcher.framework */; };
		DE4DA2C41D8DF358003183F4 /* SwiftExceptionCatcher.framework in Embed Frameworks */ = {isa = PBXBuildFile; fileRef = DE4DA2981D8DF1D5003183F4 /* SwiftExceptionCatcher.framework */; settings = {ATTRIBUTES = (CodeSignOnCopy, RemoveHeadersOnCopy, ); }; };
		DE5D14151D87CDF800B8B3CC /* Raleway 100.ttf in Resources */ = {isa = PBXBuildFile; fileRef = DE5D14031D87CDF800B8B3CC /* Raleway 100.ttf */; };
		DE5D14161D87CDF800B8B3CC /* Raleway 100italic.ttf in Resources */ = {isa = PBXBuildFile; fileRef = DE5D14041D87CDF800B8B3CC /* Raleway 100italic.ttf */; };
		DE5D14171D87CDF800B8B3CC /* Raleway 200.ttf in Resources */ = {isa = PBXBuildFile; fileRef = DE5D14051D87CDF800B8B3CC /* Raleway 200.ttf */; };
		DE5D14181D87CDF800B8B3CC /* Raleway 200italic.ttf in Resources */ = {isa = PBXBuildFile; fileRef = DE5D14061D87CDF800B8B3CC /* Raleway 200italic.ttf */; };
		DE5D14191D87CDF800B8B3CC /* Raleway 300.ttf in Resources */ = {isa = PBXBuildFile; fileRef = DE5D14071D87CDF800B8B3CC /* Raleway 300.ttf */; };
		DE5D141A1D87CDF800B8B3CC /* Raleway 300italic.ttf in Resources */ = {isa = PBXBuildFile; fileRef = DE5D14081D87CDF800B8B3CC /* Raleway 300italic.ttf */; };
		DE5D141B1D87CDF800B8B3CC /* Raleway 500.ttf in Resources */ = {isa = PBXBuildFile; fileRef = DE5D14091D87CDF800B8B3CC /* Raleway 500.ttf */; };
		DE5D141C1D87CDF800B8B3CC /* Raleway 500italic.ttf in Resources */ = {isa = PBXBuildFile; fileRef = DE5D140A1D87CDF800B8B3CC /* Raleway 500italic.ttf */; };
		DE5D141D1D87CDF800B8B3CC /* Raleway 600.ttf in Resources */ = {isa = PBXBuildFile; fileRef = DE5D140B1D87CDF800B8B3CC /* Raleway 600.ttf */; };
		DE5D141E1D87CDF800B8B3CC /* Raleway 600italic.ttf in Resources */ = {isa = PBXBuildFile; fileRef = DE5D140C1D87CDF800B8B3CC /* Raleway 600italic.ttf */; };
		DE5D141F1D87CDF800B8B3CC /* Raleway 700.ttf in Resources */ = {isa = PBXBuildFile; fileRef = DE5D140D1D87CDF800B8B3CC /* Raleway 700.ttf */; };
		DE5D14201D87CDF800B8B3CC /* Raleway 700italic.ttf in Resources */ = {isa = PBXBuildFile; fileRef = DE5D140E1D87CDF800B8B3CC /* Raleway 700italic.ttf */; };
		DE5D14211D87CDF800B8B3CC /* Raleway 800.ttf in Resources */ = {isa = PBXBuildFile; fileRef = DE5D140F1D87CDF800B8B3CC /* Raleway 800.ttf */; };
		DE5D14221D87CDF800B8B3CC /* Raleway 800italic.ttf in Resources */ = {isa = PBXBuildFile; fileRef = DE5D14101D87CDF800B8B3CC /* Raleway 800italic.ttf */; };
		DE5D14231D87CDF800B8B3CC /* Raleway 900.ttf in Resources */ = {isa = PBXBuildFile; fileRef = DE5D14111D87CDF800B8B3CC /* Raleway 900.ttf */; };
		DE5D14241D87CDF800B8B3CC /* Raleway 900italic.ttf in Resources */ = {isa = PBXBuildFile; fileRef = DE5D14121D87CDF800B8B3CC /* Raleway 900italic.ttf */; };
		DE5D14251D87CDF800B8B3CC /* Raleway italic.ttf in Resources */ = {isa = PBXBuildFile; fileRef = DE5D14131D87CDF800B8B3CC /* Raleway italic.ttf */; };
		DE5D14261D87CDF800B8B3CC /* Raleway regular.ttf in Resources */ = {isa = PBXBuildFile; fileRef = DE5D14141D87CDF800B8B3CC /* Raleway regular.ttf */; };
		DE5D14291D87E15B00B8B3CC /* WordOfTheDayViewController.swift in Sources */ = {isa = PBXBuildFile; fileRef = DE5D14281D87E15B00B8B3CC /* WordOfTheDayViewController.swift */; };
		DE5D14391D88474400B8B3CC /* HeaderCell.swift in Sources */ = {isa = PBXBuildFile; fileRef = DE5D14381D88474400B8B3CC /* HeaderCell.swift */; };
		DE5D143B1D8847BD00B8B3CC /* WordNameCell.swift in Sources */ = {isa = PBXBuildFile; fileRef = DE5D143A1D8847BD00B8B3CC /* WordNameCell.swift */; };
		DE5D143D1D8847D100B8B3CC /* WordDefinitionCell.swift in Sources */ = {isa = PBXBuildFile; fileRef = DE5D143C1D8847D100B8B3CC /* WordDefinitionCell.swift */; };
		DE5D143F1D8847E600B8B3CC /* WordDescriptionCell.swift in Sources */ = {isa = PBXBuildFile; fileRef = DE5D143E1D8847E600B8B3CC /* WordDescriptionCell.swift */; };
/* End PBXBuildFile section */

/* Begin PBXContainerItemProxy section */
		DE2465301D8D174B00A138EB /* PBXContainerItemProxy */ = {
			isa = PBXContainerItemProxy;
			containerPortal = DE1294EB1D6977F700687CA5 /* Project object */;
			proxyType = 1;
			remoteGlobalIDString = DE1294F21D6977F700687CA5;
			remoteInfo = Lexis;
		};
/* End PBXContainerItemProxy section */

/* Begin PBXCopyFilesBuildPhase section */
		DE4DA0BA1D8DC6CE003183F4 /* Embed Frameworks */ = {
			isa = PBXCopyFilesBuildPhase;
			buildActionMask = 2147483647;
			dstPath = "";
			dstSubfolderSpec = 10;
			files = (
				DE4DA2BA1D8DF358003183F4 /* AromaSwiftClient.framework in Embed Frameworks */,
				DE4DA2C01D8DF358003183F4 /* RedRomaColors.framework in Embed Frameworks */,
				DE4DA2BE1D8DF358003183F4 /* LexisDatabase.framework in Embed Frameworks */,
				DE4DA2C21D8DF358003183F4 /* Sulcus.framework in Embed Frameworks */,
				DE4DA2C41D8DF358003183F4 /* SwiftExceptionCatcher.framework in Embed Frameworks */,
				DE4DA2B81D8DF358003183F4 /* AlchemyGenerator.framework in Embed Frameworks */,
				DE4DA2BC1D8DF358003183F4 /* AromaThrift.framework in Embed Frameworks */,
			);
			name = "Embed Frameworks";
			runOnlyForDeploymentPostprocessing = 0;
		};
		DE4DA2A71D8DF26F003183F4 /* CopyFiles */ = {
			isa = PBXCopyFilesBuildPhase;
			buildActionMask = 2147483647;
			dstPath = "";
			dstSubfolderSpec = 10;
			files = (
				DE4DA2A81D8DF278003183F4 /* AlchemyGenerator.framework in CopyFiles */,
				DE4DA2A91D8DF278003183F4 /* AromaSwiftClient.framework in CopyFiles */,
				DE4DA2AA1D8DF278003183F4 /* AromaThrift.framework in CopyFiles */,
				DE4DA2AB1D8DF278003183F4 /* LexisDatabase.framework in CopyFiles */,
				DE4DA2AC1D8DF278003183F4 /* RedRomaColors.framework in CopyFiles */,
				DE4DA2AD1D8DF278003183F4 /* Sulcus.framework in CopyFiles */,
				DE4DA2AE1D8DF278003183F4 /* SwiftExceptionCatcher.framework in CopyFiles */,
			);
			runOnlyForDeploymentPostprocessing = 0;
		};
/* End PBXCopyFilesBuildPhase section */

/* Begin PBXFileReference section */
		DE0E00071D7E984C00B70D62 /* WelcomePageViewController.swift */ = {isa = PBXFileReference; fileEncoding = 4; lastKnownFileType = sourcecode.swift; path = WelcomePageViewController.swift; sourceTree = "<group>"; };
		DE0E00091D7E9A8A00B70D62 /* WelcomePageTemplateViewController.swift */ = {isa = PBXFileReference; fileEncoding = 4; lastKnownFileType = sourcecode.swift; path = WelcomePageTemplateViewController.swift; sourceTree = "<group>"; };
		DE0E87201D7FEF9900F42DB3 /* MainViewController.swift */ = {isa = PBXFileReference; fileEncoding = 4; lastKnownFileType = sourcecode.swift; path = MainViewController.swift; sourceTree = "<group>"; };
		DE0E87231D7FEFC900F42DB3 /* Settings.swift */ = {isa = PBXFileReference; fileEncoding = 4; lastKnownFileType = sourcecode.swift; path = Settings.swift; sourceTree = "<group>"; };
		DE0E87291D7FF41D00F42DB3 /* Base */ = {isa = PBXFileReference; lastKnownFileType = file.storyboard; name = Base; path = Base.lproj/Welcome.storyboard; sourceTree = "<group>"; };
		DE0EFFD51D7E843400B70D62 /* WelcomePage.swift */ = {isa = PBXFileReference; fileEncoding = 4; lastKnownFileType = sourcecode.swift; path = WelcomePage.swift; sourceTree = "<group>"; };
		DE0EFFD81D7E856500B70D62 /* Strings+.swift */ = {isa = PBXFileReference; fileEncoding = 4; lastKnownFileType = sourcecode.swift; path = "Strings+.swift"; sourceTree = "<group>"; };
		DE1294F31D6977F700687CA5 /* Lexis.app */ = {isa = PBXFileReference; explicitFileType = wrapper.application; includeInIndex = 0; path = Lexis.app; sourceTree = BUILT_PRODUCTS_DIR; };
		DE1294F61D6977F700687CA5 /* AppDelegate.swift */ = {isa = PBXFileReference; lastKnownFileType = sourcecode.swift; path = AppDelegate.swift; sourceTree = "<group>"; };
		DE1294FB1D6977F700687CA5 /* Base */ = {isa = PBXFileReference; lastKnownFileType = file.storyboard; name = Base; path = Base.lproj/Main.storyboard; sourceTree = "<group>"; };
		DE1294FD1D6977F700687CA5 /* Assets.xcassets */ = {isa = PBXFileReference; lastKnownFileType = folder.assetcatalog; path = Assets.xcassets; sourceTree = "<group>"; };
		DE1295001D6977F700687CA5 /* Base */ = {isa = PBXFileReference; lastKnownFileType = file.storyboard; name = Base; path = Base.lproj/LaunchScreen.storyboard; sourceTree = "<group>"; };
		DE1295021D6977F700687CA5 /* Info.plist */ = {isa = PBXFileReference; lastKnownFileType = text.plist.xml; path = Info.plist; sourceTree = "<group>"; };
		DE1295091D6982FF00687CA5 /* Cinzel-Black.otf */ = {isa = PBXFileReference; lastKnownFileType = file; path = "Cinzel-Black.otf"; sourceTree = "<group>"; };
		DE12950A1D6982FF00687CA5 /* Cinzel-Bold.otf */ = {isa = PBXFileReference; lastKnownFileType = file; path = "Cinzel-Bold.otf"; sourceTree = "<group>"; };
		DE12950B1D6982FF00687CA5 /* Cinzel-Regular.otf */ = {isa = PBXFileReference; lastKnownFileType = file; path = "Cinzel-Regular.otf"; sourceTree = "<group>"; };
		DE12950C1D6982FF00687CA5 /* CinzelDecorative-Black.otf */ = {isa = PBXFileReference; lastKnownFileType = file; path = "CinzelDecorative-Black.otf"; sourceTree = "<group>"; };
		DE12950D1D6982FF00687CA5 /* CinzelDecorative-Bold.otf */ = {isa = PBXFileReference; lastKnownFileType = file; path = "CinzelDecorative-Bold.otf"; sourceTree = "<group>"; };
		DE12950E1D6982FF00687CA5 /* CinzelDecorative-Regular.otf */ = {isa = PBXFileReference; lastKnownFileType = file; path = "CinzelDecorative-Regular.otf"; sourceTree = "<group>"; };
		DE24652B1D8D174B00A138EB /* LexisTests.xctest */ = {isa = PBXFileReference; explicitFileType = wrapper.cfbundle; includeInIndex = 0; path = LexisTests.xctest; sourceTree = BUILT_PRODUCTS_DIR; };
		DE24652D1D8D174B00A138EB /* LexisTests.swift */ = {isa = PBXFileReference; lastKnownFileType = sourcecode.swift; path = LexisTests.swift; sourceTree = "<group>"; };
		DE24652F1D8D174B00A138EB /* Info.plist */ = {isa = PBXFileReference; lastKnownFileType = text.plist.xml; path = Info.plist; sourceTree = "<group>"; };
		DE4DA2921D8DF1D5003183F4 /* AlchemyGenerator.framework */ = {isa = PBXFileReference; lastKnownFileType = wrapper.framework; path = AlchemyGenerator.framework; sourceTree = "<group>"; };
		DE4DA2931D8DF1D5003183F4 /* AromaSwiftClient.framework */ = {isa = PBXFileReference; lastKnownFileType = wrapper.framework; path = AromaSwiftClient.framework; sourceTree = "<group>"; };
		DE4DA2941D8DF1D5003183F4 /* AromaThrift.framework */ = {isa = PBXFileReference; lastKnownFileType = wrapper.framework; path = AromaThrift.framework; sourceTree = "<group>"; };
		DE4DA2951D8DF1D5003183F4 /* LexisDatabase.framework */ = {isa = PBXFileReference; lastKnownFileType = wrapper.framework; path = LexisDatabase.framework; sourceTree = "<group>"; };
		DE4DA2961D8DF1D5003183F4 /* RedRomaColors.framework */ = {isa = PBXFileReference; lastKnownFileType = wrapper.framework; path = RedRomaColors.framework; sourceTree = "<group>"; };
		DE4DA2971D8DF1D5003183F4 /* Sulcus.framework */ = {isa = PBXFileReference; lastKnownFileType = wrapper.framework; path = Sulcus.framework; sourceTree = "<group>"; };
		DE4DA2981D8DF1D5003183F4 /* SwiftExceptionCatcher.framework */ = {isa = PBXFileReference; lastKnownFileType = wrapper.framework; path = SwiftExceptionCatcher.framework; sourceTree = "<group>"; };
		DE5D14031D87CDF800B8B3CC /* Raleway 100.ttf */ = {isa = PBXFileReference; lastKnownFileType = file; path = "Raleway 100.ttf"; sourceTree = "<group>"; };
		DE5D14041D87CDF800B8B3CC /* Raleway 100italic.ttf */ = {isa = PBXFileReference; lastKnownFileType = file; path = "Raleway 100italic.ttf"; sourceTree = "<group>"; };
		DE5D14051D87CDF800B8B3CC /* Raleway 200.ttf */ = {isa = PBXFileReference; lastKnownFileType = file; path = "Raleway 200.ttf"; sourceTree = "<group>"; };
		DE5D14061D87CDF800B8B3CC /* Raleway 200italic.ttf */ = {isa = PBXFileReference; lastKnownFileType = file; path = "Raleway 200italic.ttf"; sourceTree = "<group>"; };
		DE5D14071D87CDF800B8B3CC /* Raleway 300.ttf */ = {isa = PBXFileReference; lastKnownFileType = file; path = "Raleway 300.ttf"; sourceTree = "<group>"; };
		DE5D14081D87CDF800B8B3CC /* Raleway 300italic.ttf */ = {isa = PBXFileReference; lastKnownFileType = file; path = "Raleway 300italic.ttf"; sourceTree = "<group>"; };
		DE5D14091D87CDF800B8B3CC /* Raleway 500.ttf */ = {isa = PBXFileReference; lastKnownFileType = file; path = "Raleway 500.ttf"; sourceTree = "<group>"; };
		DE5D140A1D87CDF800B8B3CC /* Raleway 500italic.ttf */ = {isa = PBXFileReference; lastKnownFileType = file; path = "Raleway 500italic.ttf"; sourceTree = "<group>"; };
		DE5D140B1D87CDF800B8B3CC /* Raleway 600.ttf */ = {isa = PBXFileReference; lastKnownFileType = file; path = "Raleway 600.ttf"; sourceTree = "<group>"; };
		DE5D140C1D87CDF800B8B3CC /* Raleway 600italic.ttf */ = {isa = PBXFileReference; lastKnownFileType = file; path = "Raleway 600italic.ttf"; sourceTree = "<group>"; };
		DE5D140D1D87CDF800B8B3CC /* Raleway 700.ttf */ = {isa = PBXFileReference; lastKnownFileType = file; path = "Raleway 700.ttf"; sourceTree = "<group>"; };
		DE5D140E1D87CDF800B8B3CC /* Raleway 700italic.ttf */ = {isa = PBXFileReference; lastKnownFileType = file; path = "Raleway 700italic.ttf"; sourceTree = "<group>"; };
		DE5D140F1D87CDF800B8B3CC /* Raleway 800.ttf */ = {isa = PBXFileReference; lastKnownFileType = file; path = "Raleway 800.ttf"; sourceTree = "<group>"; };
		DE5D14101D87CDF800B8B3CC /* Raleway 800italic.ttf */ = {isa = PBXFileReference; lastKnownFileType = file; path = "Raleway 800italic.ttf"; sourceTree = "<group>"; };
		DE5D14111D87CDF800B8B3CC /* Raleway 900.ttf */ = {isa = PBXFileReference; lastKnownFileType = file; path = "Raleway 900.ttf"; sourceTree = "<group>"; };
		DE5D14121D87CDF800B8B3CC /* Raleway 900italic.ttf */ = {isa = PBXFileReference; lastKnownFileType = file; path = "Raleway 900italic.ttf"; sourceTree = "<group>"; };
		DE5D14131D87CDF800B8B3CC /* Raleway italic.ttf */ = {isa = PBXFileReference; lastKnownFileType = file; path = "Raleway italic.ttf"; sourceTree = "<group>"; };
		DE5D14141D87CDF800B8B3CC /* Raleway regular.ttf */ = {isa = PBXFileReference; lastKnownFileType = file; path = "Raleway regular.ttf"; sourceTree = "<group>"; };
		DE5D14281D87E15B00B8B3CC /* WordOfTheDayViewController.swift */ = {isa = PBXFileReference; fileEncoding = 4; lastKnownFileType = sourcecode.swift; path = WordOfTheDayViewController.swift; sourceTree = "<group>"; };
		DE5D14381D88474400B8B3CC /* HeaderCell.swift */ = {isa = PBXFileReference; fileEncoding = 4; lastKnownFileType = sourcecode.swift; path = HeaderCell.swift; sourceTree = "<group>"; };
		DE5D143A1D8847BD00B8B3CC /* WordNameCell.swift */ = {isa = PBXFileReference; fileEncoding = 4; lastKnownFileType = sourcecode.swift; path = WordNameCell.swift; sourceTree = "<group>"; };
		DE5D143C1D8847D100B8B3CC /* WordDefinitionCell.swift */ = {isa = PBXFileReference; fileEncoding = 4; lastKnownFileType = sourcecode.swift; path = WordDefinitionCell.swift; sourceTree = "<group>"; };
		DE5D143E1D8847E600B8B3CC /* WordDescriptionCell.swift */ = {isa = PBXFileReference; fileEncoding = 4; lastKnownFileType = sourcecode.swift; path = WordDescriptionCell.swift; sourceTree = "<group>"; };
/* End PBXFileReference section */

/* Begin PBXFrameworksBuildPhase section */
		DE1294F01D6977F700687CA5 /* Frameworks */ = {
			isa = PBXFrameworksBuildPhase;
			buildActionMask = 2147483647;
			files = (
				DE4DA2B91D8DF358003183F4 /* AromaSwiftClient.framework in Frameworks */,
				DE4DA2BF1D8DF358003183F4 /* RedRomaColors.framework in Frameworks */,
				DE4DA2BD1D8DF358003183F4 /* LexisDatabase.framework in Frameworks */,
				DE4DA2C11D8DF358003183F4 /* Sulcus.framework in Frameworks */,
				DE4DA2C31D8DF358003183F4 /* SwiftExceptionCatcher.framework in Frameworks */,
				DE4DA2B71D8DF358003183F4 /* AlchemyGenerator.framework in Frameworks */,
				DE4DA2BB1D8DF358003183F4 /* AromaThrift.framework in Frameworks */,
			);
			runOnlyForDeploymentPostprocessing = 0;
		};
		DE2465281D8D174B00A138EB /* Frameworks */ = {
			isa = PBXFrameworksBuildPhase;
			buildActionMask = 2147483647;
			files = (
				DE4DA29C1D8DF1D5003183F4 /* AromaSwiftClient.framework in Frameworks */,
				DE4DA2A21D8DF1D5003183F4 /* RedRomaColors.framework in Frameworks */,
				DE4DA2A01D8DF1D5003183F4 /* LexisDatabase.framework in Frameworks */,
				DE4DA2A41D8DF1D5003183F4 /* Sulcus.framework in Frameworks */,
				DE4DA2A61D8DF1D5003183F4 /* SwiftExceptionCatcher.framework in Frameworks */,
				DE4DA29A1D8DF1D5003183F4 /* AlchemyGenerator.framework in Frameworks */,
				DE4DA29E1D8DF1D5003183F4 /* AromaThrift.framework in Frameworks */,
			);
			runOnlyForDeploymentPostprocessing = 0;
		};
/* End PBXFrameworksBuildPhase section */

/* Begin PBXGroup section */
		DE0E87221D7FEFBE00F42DB3 /* Settings */ = {
			isa = PBXGroup;
			children = (
				DE0E87231D7FEFC900F42DB3 /* Settings.swift */,
			);
			name = Settings;
			sourceTree = "<group>";
		};
		DE0EFFD41D7E813100B70D62 /* Welcome */ = {
			isa = PBXGroup;
			children = (
				DE0EFFD51D7E843400B70D62 /* WelcomePage.swift */,
				DE0E00071D7E984C00B70D62 /* WelcomePageViewController.swift */,
				DE0E00091D7E9A8A00B70D62 /* WelcomePageTemplateViewController.swift */,
			);
			name = Welcome;
			sourceTree = "<group>";
		};
		DE0EFFD71D7E855000B70D62 /* Extensions */ = {
			isa = PBXGroup;
			children = (
				DE0EFFD81D7E856500B70D62 /* Strings+.swift */,
			);
			name = Extensions;
			sourceTree = "<group>";
		};
		DE1294EA1D6977F700687CA5 = {
			isa = PBXGroup;
			children = (
				DE1294F51D6977F700687CA5 /* Lexis */,
				DE24652C1D8D174B00A138EB /* LexisTests */,
				DE1294F41D6977F700687CA5 /* Products */,
				DE60BCC11D7B6ADE00EF15C6 /* Frameworks */,
			);
			sourceTree = "<group>";
		};
		DE1294F41D6977F700687CA5 /* Products */ = {
			isa = PBXGroup;
			children = (
				DE1294F31D6977F700687CA5 /* Lexis.app */,
				DE24652B1D8D174B00A138EB /* LexisTests.xctest */,
			);
			name = Products;
			sourceTree = "<group>";
		};
		DE1294F51D6977F700687CA5 /* Lexis */ = {
			isa = PBXGroup;
			children = (
				DE7B309D1D8D2C4A00AD44C1 /* LexisDictionaryAdditions */,
				DE5D14371D88471000B8B3CC /* Cells */,
				DE5D14271D87E14400B8B3CC /* WordOfTheDay */,
				DE0E87221D7FEFBE00F42DB3 /* Settings */,
				DE0EFFD71D7E855000B70D62 /* Extensions */,
				DE1295081D6982D100687CA5 /* Fonts */,
				DE0EFFD41D7E813100B70D62 /* Welcome */,
				DE1294F61D6977F700687CA5 /* AppDelegate.swift */,
				DE0E87201D7FEF9900F42DB3 /* MainViewController.swift */,
				DE1294FA1D6977F700687CA5 /* Main.storyboard */,
				DE0E87281D7FF41D00F42DB3 /* Welcome.storyboard */,
				DE1294FD1D6977F700687CA5 /* Assets.xcassets */,
				DE1294FF1D6977F700687CA5 /* LaunchScreen.storyboard */,
				DE1295021D6977F700687CA5 /* Info.plist */,
			);
			path = Lexis;
			sourceTree = "<group>";
		};
		DE1295081D6982D100687CA5 /* Fonts */ = {
			isa = PBXGroup;
			children = (
				DE1295091D6982FF00687CA5 /* Cinzel-Black.otf */,
				DE12950A1D6982FF00687CA5 /* Cinzel-Bold.otf */,
				DE12950B1D6982FF00687CA5 /* Cinzel-Regular.otf */,
				DE12950C1D6982FF00687CA5 /* CinzelDecorative-Black.otf */,
				DE12950D1D6982FF00687CA5 /* CinzelDecorative-Bold.otf */,
				DE12950E1D6982FF00687CA5 /* CinzelDecorative-Regular.otf */,
				DE5D14031D87CDF800B8B3CC /* Raleway 100.ttf */,
				DE5D14041D87CDF800B8B3CC /* Raleway 100italic.ttf */,
				DE5D14051D87CDF800B8B3CC /* Raleway 200.ttf */,
				DE5D14061D87CDF800B8B3CC /* Raleway 200italic.ttf */,
				DE5D14071D87CDF800B8B3CC /* Raleway 300.ttf */,
				DE5D14081D87CDF800B8B3CC /* Raleway 300italic.ttf */,
				DE5D14091D87CDF800B8B3CC /* Raleway 500.ttf */,
				DE5D140A1D87CDF800B8B3CC /* Raleway 500italic.ttf */,
				DE5D140B1D87CDF800B8B3CC /* Raleway 600.ttf */,
				DE5D140C1D87CDF800B8B3CC /* Raleway 600italic.ttf */,
				DE5D140D1D87CDF800B8B3CC /* Raleway 700.ttf */,
				DE5D140E1D87CDF800B8B3CC /* Raleway 700italic.ttf */,
				DE5D140F1D87CDF800B8B3CC /* Raleway 800.ttf */,
				DE5D14101D87CDF800B8B3CC /* Raleway 800italic.ttf */,
				DE5D14111D87CDF800B8B3CC /* Raleway 900.ttf */,
				DE5D14121D87CDF800B8B3CC /* Raleway 900italic.ttf */,
				DE5D14131D87CDF800B8B3CC /* Raleway italic.ttf */,
				DE5D14141D87CDF800B8B3CC /* Raleway regular.ttf */,
			);
			path = Fonts;
			sourceTree = "<group>";
		};
		DE24652C1D8D174B00A138EB /* LexisTests */ = {
			isa = PBXGroup;
			children = (
				DE24652D1D8D174B00A138EB /* LexisTests.swift */,
				DE24652F1D8D174B00A138EB /* Info.plist */,
			);
			path = LexisTests;
			sourceTree = "<group>";
		};
		DE5D14271D87E14400B8B3CC /* WordOfTheDay */ = {
			isa = PBXGroup;
			children = (
				DE5D14281D87E15B00B8B3CC /* WordOfTheDayViewController.swift */,
			);
			name = WordOfTheDay;
			sourceTree = "<group>";
		};
		DE5D14371D88471000B8B3CC /* Cells */ = {
			isa = PBXGroup;
			children = (
				DE5D14381D88474400B8B3CC /* HeaderCell.swift */,
				DE5D143A1D8847BD00B8B3CC /* WordNameCell.swift */,
				DE5D143C1D8847D100B8B3CC /* WordDefinitionCell.swift */,
				DE5D143E1D8847E600B8B3CC /* WordDescriptionCell.swift */,
			);
			path = Cells;
			sourceTree = "<group>";
		};
		DE60BCC11D7B6ADE00EF15C6 /* Frameworks */ = {
			isa = PBXGroup;
			children = (
				DE4DA2921D8DF1D5003183F4 /* AlchemyGenerator.framework */,
				DE4DA2931D8DF1D5003183F4 /* AromaSwiftClient.framework */,
				DE4DA2941D8DF1D5003183F4 /* AromaThrift.framework */,
				DE4DA2951D8DF1D5003183F4 /* LexisDatabase.framework */,
				DE4DA2961D8DF1D5003183F4 /* RedRomaColors.framework */,
				DE4DA2971D8DF1D5003183F4 /* Sulcus.framework */,
				DE4DA2981D8DF1D5003183F4 /* SwiftExceptionCatcher.framework */,
			);
			name = Frameworks;
			sourceTree = "<group>";
		};
		DE7B309D1D8D2C4A00AD44C1 /* LexisDictionaryAdditions */ = {
			isa = PBXGroup;
			children = (
			);
			name = LexisDictionaryAdditions;
			sourceTree = "<group>";
		};
/* End PBXGroup section */

/* Begin PBXNativeTarget section */
		DE1294F21D6977F700687CA5 /* Lexis */ = {
			isa = PBXNativeTarget;
			buildConfigurationList = DE1295051D6977F700687CA5 /* Build configuration list for PBXNativeTarget "Lexis" */;
			buildPhases = (
				DE1294EF1D6977F700687CA5 /* Sources */,
				DE1294F01D6977F700687CA5 /* Frameworks */,
				DE1294F11D6977F700687CA5 /* Resources */,
				DE4DA0BA1D8DC6CE003183F4 /* Embed Frameworks */,
			);
			buildRules = (
			);
			dependencies = (
			);
			name = Lexis;
			productName = Lexis;
			productReference = DE1294F31D6977F700687CA5 /* Lexis.app */;
			productType = "com.apple.product-type.application";
		};
		DE24652A1D8D174B00A138EB /* LexisTests */ = {
			isa = PBXNativeTarget;
			buildConfigurationList = DE2465341D8D174B00A138EB /* Build configuration list for PBXNativeTarget "LexisTests" */;
			buildPhases = (
				DE2465271D8D174B00A138EB /* Sources */,
				DE2465281D8D174B00A138EB /* Frameworks */,
				DE2465291D8D174B00A138EB /* Resources */,
				DE4DA2A71D8DF26F003183F4 /* CopyFiles */,
			);
			buildRules = (
			);
			dependencies = (
				DE2465311D8D174B00A138EB /* PBXTargetDependency */,
			);
			name = LexisTests;
			productName = LexisTests;
			productReference = DE24652B1D8D174B00A138EB /* LexisTests.xctest */;
			productType = "com.apple.product-type.bundle.unit-test";
		};
/* End PBXNativeTarget section */

/* Begin PBXProject section */
		DE1294EB1D6977F700687CA5 /* Project object */ = {
			isa = PBXProject;
			attributes = {
				LastSwiftUpdateCheck = 0800;
				LastUpgradeCheck = 0800;
				ORGANIZATIONNAME = "RedRoma, Inc.";
				TargetAttributes = {
					DE1294F21D6977F700687CA5 = {
						CreatedOnToolsVersion = 8.0;
						DevelopmentTeam = 5JBF7MD4UT;
						ProvisioningStyle = Automatic;
					};
					DE24652A1D8D174B00A138EB = {
						CreatedOnToolsVersion = 8.0;
						ProvisioningStyle = Automatic;
						TestTargetID = DE1294F21D6977F700687CA5;
					};
				};
			};
			buildConfigurationList = DE1294EE1D6977F700687CA5 /* Build configuration list for PBXProject "Lexis" */;
			compatibilityVersion = "Xcode 3.2";
			developmentRegion = English;
			hasScannedForEncodings = 0;
			knownRegions = (
				en,
				Base,
			);
			mainGroup = DE1294EA1D6977F700687CA5;
			productRefGroup = DE1294F41D6977F700687CA5 /* Products */;
			projectDirPath = "";
			projectRoot = "";
			targets = (
				DE1294F21D6977F700687CA5 /* Lexis */,
				DE24652A1D8D174B00A138EB /* LexisTests */,
			);
		};
/* End PBXProject section */

/* Begin PBXResourcesBuildPhase section */
		DE1294F11D6977F700687CA5 /* Resources */ = {
			isa = PBXResourcesBuildPhase;
			buildActionMask = 2147483647;
			files = (
				DE5D14211D87CDF800B8B3CC /* Raleway 800.ttf in Resources */,
				DE5D14241D87CDF800B8B3CC /* Raleway 900italic.ttf in Resources */,
				DE1295141D6982FF00687CA5 /* CinzelDecorative-Regular.otf in Resources */,
				DE1295101D6982FF00687CA5 /* Cinzel-Bold.otf in Resources */,
				DE1295131D6982FF00687CA5 /* CinzelDecorative-Bold.otf in Resources */,
				DE5D141F1D87CDF800B8B3CC /* Raleway 700.ttf in Resources */,
				DE1295011D6977F700687CA5 /* LaunchScreen.storyboard in Resources */,
				DE5D14201D87CDF800B8B3CC /* Raleway 700italic.ttf in Resources */,
				DE1295121D6982FF00687CA5 /* CinzelDecorative-Black.otf in Resources */,
				DE5D14171D87CDF800B8B3CC /* Raleway 200.ttf in Resources */,
				DE5D141E1D87CDF800B8B3CC /* Raleway 600italic.ttf in Resources */,
				DE5D14161D87CDF800B8B3CC /* Raleway 100italic.ttf in Resources */,
				DE5D14251D87CDF800B8B3CC /* Raleway italic.ttf in Resources */,
				DE5D141B1D87CDF800B8B3CC /* Raleway 500.ttf in Resources */,
				DE5D14261D87CDF800B8B3CC /* Raleway regular.ttf in Resources */,
				DE0E872A1D7FF41D00F42DB3 /* Welcome.storyboard in Resources */,
				DE5D141D1D87CDF800B8B3CC /* Raleway 600.ttf in Resources */,
				DE5D14181D87CDF800B8B3CC /* Raleway 200italic.ttf in Resources */,
				DE1294FE1D6977F700687CA5 /* Assets.xcassets in Resources */,
				DE5D141C1D87CDF800B8B3CC /* Raleway 500italic.ttf in Resources */,
				DE12950F1D6982FF00687CA5 /* Cinzel-Black.otf in Resources */,
				DE5D14151D87CDF800B8B3CC /* Raleway 100.ttf in Resources */,
				DE5D14231D87CDF800B8B3CC /* Raleway 900.ttf in Resources */,
				DE5D14191D87CDF800B8B3CC /* Raleway 300.ttf in Resources */,
				DE5D14221D87CDF800B8B3CC /* Raleway 800italic.ttf in Resources */,
				DE1294FC1D6977F700687CA5 /* Main.storyboard in Resources */,
				DE1295111D6982FF00687CA5 /* Cinzel-Regular.otf in Resources */,
				DE5D141A1D87CDF800B8B3CC /* Raleway 300italic.ttf in Resources */,
			);
			runOnlyForDeploymentPostprocessing = 0;
		};
		DE2465291D8D174B00A138EB /* Resources */ = {
			isa = PBXResourcesBuildPhase;
			buildActionMask = 2147483647;
			files = (
			);
			runOnlyForDeploymentPostprocessing = 0;
		};
/* End PBXResourcesBuildPhase section */

/* Begin PBXSourcesBuildPhase section */
		DE1294EF1D6977F700687CA5 /* Sources */ = {
			isa = PBXSourcesBuildPhase;
			buildActionMask = 2147483647;
			files = (
				DE0EFFD61D7E843400B70D62 /* WelcomePage.swift in Sources */,
				DE0E000A1D7E9A8A00B70D62 /* WelcomePageTemplateViewController.swift in Sources */,
				DE0EFFD91D7E856500B70D62 /* Strings+.swift in Sources */,
				DE5D143D1D8847D100B8B3CC /* WordDefinitionCell.swift in Sources */,
				DE0E87211D7FEF9900F42DB3 /* MainViewController.swift in Sources */,
				DE5D14391D88474400B8B3CC /* HeaderCell.swift in Sources */,
				DE5D14291D87E15B00B8B3CC /* WordOfTheDayViewController.swift in Sources */,
				DE5D143B1D8847BD00B8B3CC /* WordNameCell.swift in Sources */,
				DE5D143F1D8847E600B8B3CC /* WordDescriptionCell.swift in Sources */,
				DE0E87241D7FEFC900F42DB3 /* Settings.swift in Sources */,
				DE1294F71D6977F700687CA5 /* AppDelegate.swift in Sources */,
				DE0E00081D7E984C00B70D62 /* WelcomePageViewController.swift in Sources */,
			);
			runOnlyForDeploymentPostprocessing = 0;
		};
		DE2465271D8D174B00A138EB /* Sources */ = {
			isa = PBXSourcesBuildPhase;
			buildActionMask = 2147483647;
			files = (
				DE24652E1D8D174B00A138EB /* LexisTests.swift in Sources */,
			);
			runOnlyForDeploymentPostprocessing = 0;
		};
/* End PBXSourcesBuildPhase section */

/* Begin PBXTargetDependency section */
		DE2465311D8D174B00A138EB /* PBXTargetDependency */ = {
			isa = PBXTargetDependency;
			target = DE1294F21D6977F700687CA5 /* Lexis */;
			targetProxy = DE2465301D8D174B00A138EB /* PBXContainerItemProxy */;
		};
/* End PBXTargetDependency section */

/* Begin PBXVariantGroup section */
		DE0E87281D7FF41D00F42DB3 /* Welcome.storyboard */ = {
			isa = PBXVariantGroup;
			children = (
				DE0E87291D7FF41D00F42DB3 /* Base */,
			);
			name = Welcome.storyboard;
			sourceTree = "<group>";
		};
		DE1294FA1D6977F700687CA5 /* Main.storyboard */ = {
			isa = PBXVariantGroup;
			children = (
				DE1294FB1D6977F700687CA5 /* Base */,
			);
			name = Main.storyboard;
			sourceTree = "<group>";
		};
		DE1294FF1D6977F700687CA5 /* LaunchScreen.storyboard */ = {
			isa = PBXVariantGroup;
			children = (
				DE1295001D6977F700687CA5 /* Base */,
			);
			name = LaunchScreen.storyboard;
			sourceTree = "<group>";
		};
/* End PBXVariantGroup section */

/* Begin XCBuildConfiguration section */
		DE1295031D6977F700687CA5 /* Debug */ = {
			isa = XCBuildConfiguration;
			buildSettings = {
				ALWAYS_SEARCH_USER_PATHS = NO;
				CLANG_ANALYZER_NONNULL = YES;
				CLANG_CXX_LANGUAGE_STANDARD = "gnu++0x";
				CLANG_CXX_LIBRARY = "libc++";
				CLANG_ENABLE_MODULES = YES;
				CLANG_ENABLE_OBJC_ARC = YES;
				CLANG_WARN_BOOL_CONVERSION = YES;
				CLANG_WARN_CONSTANT_CONVERSION = YES;
				CLANG_WARN_DIRECT_OBJC_ISA_USAGE = YES_ERROR;
				CLANG_WARN_DOCUMENTATION_COMMENTS = YES;
				CLANG_WARN_EMPTY_BODY = YES;
				CLANG_WARN_ENUM_CONVERSION = YES;
				CLANG_WARN_INFINITE_RECURSION = YES;
				CLANG_WARN_INT_CONVERSION = YES;
				CLANG_WARN_OBJC_ROOT_CLASS = YES_ERROR;
				CLANG_WARN_SUSPICIOUS_MOVES = YES;
				CLANG_WARN_UNREACHABLE_CODE = YES;
				CLANG_WARN__DUPLICATE_METHOD_MATCH = YES;
				"CODE_SIGN_IDENTITY[sdk=iphoneos*]" = "iPhone Developer";
				COPY_PHASE_STRIP = NO;
				DEBUG_INFORMATION_FORMAT = dwarf;
				ENABLE_STRICT_OBJC_MSGSEND = YES;
				ENABLE_TESTABILITY = YES;
				GCC_C_LANGUAGE_STANDARD = gnu99;
				GCC_DYNAMIC_NO_PIC = NO;
				GCC_NO_COMMON_BLOCKS = YES;
				GCC_OPTIMIZATION_LEVEL = 0;
				GCC_PREPROCESSOR_DEFINITIONS = (
					"DEBUG=1",
					"$(inherited)",
				);
				GCC_WARN_64_TO_32_BIT_CONVERSION = YES;
				GCC_WARN_ABOUT_RETURN_TYPE = YES_ERROR;
				GCC_WARN_UNDECLARED_SELECTOR = YES;
				GCC_WARN_UNINITIALIZED_AUTOS = YES_AGGRESSIVE;
				GCC_WARN_UNUSED_FUNCTION = YES;
				GCC_WARN_UNUSED_VARIABLE = YES;
				IPHONEOS_DEPLOYMENT_TARGET = 10.0;
				MTL_ENABLE_DEBUG_INFO = YES;
				ONLY_ACTIVE_ARCH = YES;
				SDKROOT = iphoneos;
				SWIFT_ACTIVE_COMPILATION_CONDITIONS = DEBUG;
				SWIFT_OPTIMIZATION_LEVEL = "-Onone";
				TARGETED_DEVICE_FAMILY = "1,2";
			};
			name = Debug;
		};
		DE1295041D6977F700687CA5 /* Release */ = {
			isa = XCBuildConfiguration;
			buildSettings = {
				ALWAYS_SEARCH_USER_PATHS = NO;
				CLANG_ANALYZER_NONNULL = YES;
				CLANG_CXX_LANGUAGE_STANDARD = "gnu++0x";
				CLANG_CXX_LIBRARY = "libc++";
				CLANG_ENABLE_MODULES = YES;
				CLANG_ENABLE_OBJC_ARC = YES;
				CLANG_WARN_BOOL_CONVERSION = YES;
				CLANG_WARN_CONSTANT_CONVERSION = YES;
				CLANG_WARN_DIRECT_OBJC_ISA_USAGE = YES_ERROR;
				CLANG_WARN_DOCUMENTATION_COMMENTS = YES;
				CLANG_WARN_EMPTY_BODY = YES;
				CLANG_WARN_ENUM_CONVERSION = YES;
				CLANG_WARN_INFINITE_RECURSION = YES;
				CLANG_WARN_INT_CONVERSION = YES;
				CLANG_WARN_OBJC_ROOT_CLASS = YES_ERROR;
				CLANG_WARN_SUSPICIOUS_MOVES = YES;
				CLANG_WARN_UNREACHABLE_CODE = YES;
				CLANG_WARN__DUPLICATE_METHOD_MATCH = YES;
				"CODE_SIGN_IDENTITY[sdk=iphoneos*]" = "iPhone Developer";
				COPY_PHASE_STRIP = NO;
				DEBUG_INFORMATION_FORMAT = "dwarf-with-dsym";
				ENABLE_NS_ASSERTIONS = NO;
				ENABLE_STRICT_OBJC_MSGSEND = YES;
				GCC_C_LANGUAGE_STANDARD = gnu99;
				GCC_NO_COMMON_BLOCKS = YES;
				GCC_WARN_64_TO_32_BIT_CONVERSION = YES;
				GCC_WARN_ABOUT_RETURN_TYPE = YES_ERROR;
				GCC_WARN_UNDECLARED_SELECTOR = YES;
				GCC_WARN_UNINITIALIZED_AUTOS = YES_AGGRESSIVE;
				GCC_WARN_UNUSED_FUNCTION = YES;
				GCC_WARN_UNUSED_VARIABLE = YES;
				IPHONEOS_DEPLOYMENT_TARGET = 10.0;
				MTL_ENABLE_DEBUG_INFO = NO;
				SDKROOT = iphoneos;
				SWIFT_OPTIMIZATION_LEVEL = "-Owholemodule";
				TARGETED_DEVICE_FAMILY = "1,2";
				VALIDATE_PRODUCT = YES;
			};
			name = Release;
		};
		DE1295061D6977F700687CA5 /* Debug */ = {
			isa = XCBuildConfiguration;
			buildSettings = {
				ASSETCATALOG_COMPILER_APPICON_NAME = AppIcon;
				DEVELOPMENT_TEAM = 5JBF7MD4UT;
				FRAMEWORK_SEARCH_PATHS = (
					"$(inherited)",
					"$(PROJECT_DIR)",
				);
				INFOPLIST_FILE = Lexis/Info.plist;
				LD_RUNPATH_SEARCH_PATHS = "$(inherited) @executable_path/Frameworks";
				PRODUCT_BUNDLE_IDENTIFIER = tech.redroma.Lexis;
				PRODUCT_NAME = "$(TARGET_NAME)";
				SWIFT_VERSION = 3.0;
			};
			name = Debug;
		};
		DE1295071D6977F700687CA5 /* Release */ = {
			isa = XCBuildConfiguration;
			buildSettings = {
				ASSETCATALOG_COMPILER_APPICON_NAME = AppIcon;
				DEVELOPMENT_TEAM = 5JBF7MD4UT;
				FRAMEWORK_SEARCH_PATHS = (
					"$(inherited)",
					"$(PROJECT_DIR)",
				);
				INFOPLIST_FILE = Lexis/Info.plist;
				LD_RUNPATH_SEARCH_PATHS = "$(inherited) @executable_path/Frameworks";
				PRODUCT_BUNDLE_IDENTIFIER = tech.redroma.Lexis;
				PRODUCT_NAME = "$(TARGET_NAME)";
				SWIFT_VERSION = 3.0;
			};
			name = Release;
		};
		DE2465321D8D174B00A138EB /* Debug */ = {
			isa = XCBuildConfiguration;
			buildSettings = {
				BUNDLE_LOADER = "$(TEST_HOST)";
				FRAMEWORK_SEARCH_PATHS = (
					"$(inherited)",
					"$(PROJECT_DIR)",
				);
				INFOPLIST_FILE = LexisTests/Info.plist;
				LD_RUNPATH_SEARCH_PATHS = "$(inherited) @executable_path/Frameworks @loader_path/Frameworks";
				PRODUCT_BUNDLE_IDENTIFIER = ly.generalassemb.LexisTests;
				PRODUCT_NAME = "$(TARGET_NAME)";
				SWIFT_VERSION = 3.0;
				TEST_HOST = "$(BUILT_PRODUCTS_DIR)/Lexis.app/Lexis";
			};
			name = Debug;
		};
		DE2465331D8D174B00A138EB /* Release */ = {
			isa = XCBuildConfiguration;
			buildSettings = {
				BUNDLE_LOADER = "$(TEST_HOST)";
				FRAMEWORK_SEARCH_PATHS = (
					"$(inherited)",
					"$(PROJECT_DIR)",
				);
				INFOPLIST_FILE = LexisTests/Info.plist;
				LD_RUNPATH_SEARCH_PATHS = "$(inherited) @executable_path/Frameworks @loader_path/Frameworks";
				PRODUCT_BUNDLE_IDENTIFIER = ly.generalassemb.LexisTests;
				PRODUCT_NAME = "$(TARGET_NAME)";
				SWIFT_VERSION = 3.0;
				TEST_HOST = "$(BUILT_PRODUCTS_DIR)/Lexis.app/Lexis";
			};
			name = Release;
		};
/* End XCBuildConfiguration section */

/* Begin XCConfigurationList section */
		DE1294EE1D6977F700687CA5 /* Build configuration list for PBXProject "Lexis" */ = {
			isa = XCConfigurationList;
			buildConfigurations = (
				DE1295031D6977F700687CA5 /* Debug */,
				DE1295041D6977F700687CA5 /* Release */,
			);
			defaultConfigurationIsVisible = 0;
			defaultConfigurationName = Release;
		};
		DE1295051D6977F700687CA5 /* Build configuration list for PBXNativeTarget "Lexis" */ = {
			isa = XCConfigurationList;
			buildConfigurations = (
				DE1295061D6977F700687CA5 /* Debug */,
				DE1295071D6977F700687CA5 /* Release */,
			);
			defaultConfigurationIsVisible = 0;
			defaultConfigurationName = Release;
		};
		DE2465341D8D174B00A138EB /* Build configuration list for PBXNativeTarget "LexisTests" */ = {
			isa = XCConfigurationList;
			buildConfigurations = (
				DE2465321D8D174B00A138EB /* Debug */,
				DE2465331D8D174B00A138EB /* Release */,
			);
			defaultConfigurationIsVisible = 0;
			defaultConfigurationName = Release;
		};
/* End XCConfigurationList section */
	};
	rootObject = DE1294EB1D6977F700687CA5 /* Project object */;
}
