// !$*UTF8*$!
{
	archiveVersion = 1;
	classes = {
	};
	objectVersion = 46;
	objects = {

/* Begin PBXBuildFile section */
		DEFB29EC1D55AE590065CBCD /* main.swift in Sources */ = {isa = PBXBuildFile; fileRef = DEFB29EB1D55AE590065CBCD /* main.swift */; };
		DEFB29F71D55B5F10065CBCD /* LatinDictionary.txt in Resources */ = {isa = PBXBuildFile; fileRef = DEFB29F31D55AE9E0065CBCD /* LatinDictionary.txt */; };
		DEFB29F91D55B62C0065CBCD /* IMG_9387.PNG in Resources */ = {isa = PBXBuildFile; fileRef = DEFB29F81D55B62C0065CBCD /* IMG_9387.PNG */; };
		DEFB29FB1D55B77A0065CBCD /* LatinDictionary.txt in CopyFiles */ = {isa = PBXBuildFile; fileRef = DEFB29F31D55AE9E0065CBCD /* LatinDictionary.txt */; };
		DEFB29FC1D55B77E0065CBCD /* IMG_9387.PNG in CopyFiles */ = {isa = PBXBuildFile; fileRef = DEFB29F81D55B62C0065CBCD /* IMG_9387.PNG */; };
/* End PBXBuildFile section */

/* Begin PBXCopyFilesBuildPhase section */
		DEFB29E61D55AE580065CBCD /* CopyFiles */ = {
			isa = PBXCopyFilesBuildPhase;
			buildActionMask = 2147483647;
			dstPath = /usr/share/man/man1/;
			dstSubfolderSpec = 0;
			files = (
			);
			runOnlyForDeploymentPostprocessing = 1;
		};
		DEFB29FA1D55B7710065CBCD /* CopyFiles */ = {
			isa = PBXCopyFilesBuildPhase;
			buildActionMask = 2147483647;
			dstPath = "";
			dstSubfolderSpec = 7;
			files = (
				DEFB29FC1D55B77E0065CBCD /* IMG_9387.PNG in CopyFiles */,
				DEFB29FB1D55B77A0065CBCD /* LatinDictionary.txt in CopyFiles */,
			);
			runOnlyForDeploymentPostprocessing = 0;
		};
/* End PBXCopyFilesBuildPhase section */

/* Begin PBXFileReference section */
		DEFB29E81D55AE590065CBCD /* LexisCommandLine */ = {isa = PBXFileReference; explicitFileType = "compiled.mach-o.executable"; includeInIndex = 0; path = LexisCommandLine; sourceTree = BUILT_PRODUCTS_DIR; };
		DEFB29EB1D55AE590065CBCD /* main.swift */ = {isa = PBXFileReference; lastKnownFileType = sourcecode.swift; path = main.swift; sourceTree = "<group>"; };
		DEFB29F31D55AE9E0065CBCD /* LatinDictionary.txt */ = {isa = PBXFileReference; lastKnownFileType = text; path = LatinDictionary.txt; sourceTree = "<group>"; };
		DEFB29F81D55B62C0065CBCD /* IMG_9387.PNG */ = {isa = PBXFileReference; lastKnownFileType = image.png; path = IMG_9387.PNG; sourceTree = "<group>"; };
/* End PBXFileReference section */

/* Begin PBXFrameworksBuildPhase section */
		DEFB29E51D55AE580065CBCD /* Frameworks */ = {
			isa = PBXFrameworksBuildPhase;
			buildActionMask = 2147483647;
			files = (
			);
			runOnlyForDeploymentPostprocessing = 0;
		};
/* End PBXFrameworksBuildPhase section */

/* Begin PBXGroup section */
		DEFB29DF1D55AE580065CBCD = {
			isa = PBXGroup;
			children = (
				DEFB29EA1D55AE590065CBCD /* LexisCommandLine */,
				DEFB29E91D55AE590065CBCD /* Products */,
			);
			sourceTree = "<group>";
		};
		DEFB29E91D55AE590065CBCD /* Products */ = {
			isa = PBXGroup;
			children = (
				DEFB29E81D55AE590065CBCD /* LexisCommandLine */,
			);
			name = Products;
			sourceTree = "<group>";
		};
		DEFB29EA1D55AE590065CBCD /* LexisCommandLine */ = {
			isa = PBXGroup;
			children = (
				DEFB29F21D55AE8C0065CBCD /* Resources */,
				DEFB29EB1D55AE590065CBCD /* main.swift */,
				DEFB29F81D55B62C0065CBCD /* IMG_9387.PNG */,
			);
			path = LexisCommandLine;
			sourceTree = "<group>";
		};
		DEFB29F21D55AE8C0065CBCD /* Resources */ = {
			isa = PBXGroup;
			children = (
				DEFB29F31D55AE9E0065CBCD /* LatinDictionary.txt */,
			);
			name = Resources;
			sourceTree = "<group>";
		};
/* End PBXGroup section */

/* Begin PBXNativeTarget section */
		DEFB29E71D55AE580065CBCD /* LexisCommandLine */ = {
			isa = PBXNativeTarget;
			buildConfigurationList = DEFB29EF1D55AE590065CBCD /* Build configuration list for PBXNativeTarget "LexisCommandLine" */;
			buildPhases = (
				DEFB29FA1D55B7710065CBCD /* CopyFiles */,
				DEFB29F51D55B5690065CBCD /* Resources */,
				DEFB29E41D55AE580065CBCD /* Sources */,
				DEFB29E51D55AE580065CBCD /* Frameworks */,
				DEFB29E61D55AE580065CBCD /* CopyFiles */,
			);
			buildRules = (
			);
			dependencies = (
			);
			name = LexisCommandLine;
			productName = LexisCommandLine;
			productReference = DEFB29E81D55AE590065CBCD /* LexisCommandLine */;
			productType = "com.apple.product-type.tool";
		};
/* End PBXNativeTarget section */

/* Begin PBXProject section */
		DEFB29E01D55AE580065CBCD /* Project object */ = {
			isa = PBXProject;
			attributes = {
				LastSwiftUpdateCheck = 0800;
				LastUpgradeCheck = 0800;
				ORGANIZATIONNAME = "RedRoma, Inc.";
				TargetAttributes = {
					DEFB29E71D55AE580065CBCD = {
						CreatedOnToolsVersion = 8.0;
						DevelopmentTeam = 5JBF7MD4UT;
						DevelopmentTeamName = "RedRoma, Inc.";
						ProvisioningStyle = Automatic;
					};
				};
			};
			buildConfigurationList = DEFB29E31D55AE580065CBCD /* Build configuration list for PBXProject "LexisCommandLine" */;
			compatibilityVersion = "Xcode 3.2";
			developmentRegion = English;
			hasScannedForEncodings = 0;
			knownRegions = (
				en,
			);
			mainGroup = DEFB29DF1D55AE580065CBCD;
			productRefGroup = DEFB29E91D55AE590065CBCD /* Products */;
			projectDirPath = "";
			projectRoot = "";
			targets = (
				DEFB29E71D55AE580065CBCD /* LexisCommandLine */,
			);
		};
/* End PBXProject section */

/* Begin PBXResourcesBuildPhase section */
		DEFB29F51D55B5690065CBCD /* Resources */ = {
			isa = PBXResourcesBuildPhase;
			buildActionMask = 2147483647;
			files = (
				DEFB29F91D55B62C0065CBCD /* IMG_9387.PNG in Resources */,
				DEFB29F71D55B5F10065CBCD /* LatinDictionary.txt in Resources */,
			);
			runOnlyForDeploymentPostprocessing = 0;
		};
/* End PBXResourcesBuildPhase section */

/* Begin PBXSourcesBuildPhase section */
		DEFB29E41D55AE580065CBCD /* Sources */ = {
			isa = PBXSourcesBuildPhase;
			buildActionMask = 2147483647;
			files = (
				DEFB29EC1D55AE590065CBCD /* main.swift in Sources */,
			);
			runOnlyForDeploymentPostprocessing = 0;
		};
/* End PBXSourcesBuildPhase section */

/* Begin XCBuildConfiguration section */
		DEFB29ED1D55AE590065CBCD /* Debug */ = {
			isa = XCBuildConfiguration;
			buildSettings = {
				ALWAYS_SEARCH_USER_PATHS = NO;
				CLANG_ANALYZER_NONNULL = YES;
				CLANG_CXX_LANGUAGE_STANDARD = "gnu++0x";
				CLANG_CXX_LIBRARY = "libc++";
				CLANG_ENABLE_MODULES = YES;
				CLANG_ENABLE_OBJC_ARC = YES;
				CLANG_WARN_BOOL_CONVERSION = YES;
				CLANG_WARN_CONSTANT_CONVERSION = YES;
				CLANG_WARN_DIRECT_OBJC_ISA_USAGE = YES_ERROR;
				CLANG_WARN_DOCUMENTATION_COMMENTS = YES;
				CLANG_WARN_EMPTY_BODY = YES;
				CLANG_WARN_ENUM_CONVERSION = YES;
				CLANG_WARN_INT_CONVERSION = YES;
				CLANG_WARN_OBJC_ROOT_CLASS = YES_ERROR;
				CLANG_WARN_UNREACHABLE_CODE = YES;
				CLANG_WARN__DUPLICATE_METHOD_MATCH = YES;
				CODE_SIGN_IDENTITY = "-";
				COPY_PHASE_STRIP = NO;
				DEBUG_INFORMATION_FORMAT = dwarf;
				ENABLE_STRICT_OBJC_MSGSEND = YES;
				ENABLE_TESTABILITY = YES;
				GCC_C_LANGUAGE_STANDARD = gnu99;
				GCC_DYNAMIC_NO_PIC = NO;
				GCC_NO_COMMON_BLOCKS = YES;
				GCC_OPTIMIZATION_LEVEL = 0;
				GCC_PREPROCESSOR_DEFINITIONS = (
					"DEBUG=1",
					"$(inherited)",
				);
				GCC_WARN_64_TO_32_BIT_CONVERSION = YES;
				GCC_WARN_ABOUT_RETURN_TYPE = YES_ERROR;
				GCC_WARN_UNDECLARED_SELECTOR = YES;
				GCC_WARN_UNINITIALIZED_AUTOS = YES_AGGRESSIVE;
				GCC_WARN_UNUSED_FUNCTION = YES;
				GCC_WARN_UNUSED_VARIABLE = YES;
				MACOSX_DEPLOYMENT_TARGET = 10.11;
				MTL_ENABLE_DEBUG_INFO = YES;
				ONLY_ACTIVE_ARCH = YES;
				SDKROOT = macosx;
				SWIFT_OPTIMIZATION_LEVEL = "-Onone";
			};
			name = Debug;
		};
		DEFB29EE1D55AE590065CBCD /* Release */ = {
			isa = XCBuildConfiguration;
			buildSettings = {
				ALWAYS_SEARCH_USER_PATHS = NO;
				CLANG_ANALYZER_NONNULL = YES;
				CLANG_CXX_LANGUAGE_STANDARD = "gnu++0x";
				CLANG_CXX_LIBRARY = "libc++";
				CLANG_ENABLE_MODULES = YES;
				CLANG_ENABLE_OBJC_ARC = YES;
				CLANG_WARN_BOOL_CONVERSION = YES;
				CLANG_WARN_CONSTANT_CONVERSION = YES;
				CLANG_WARN_DIRECT_OBJC_ISA_USAGE = YES_ERROR;
				CLANG_WARN_DOCUMENTATION_COMMENTS = YES;
				CLANG_WARN_EMPTY_BODY = YES;
				CLANG_WARN_ENUM_CONVERSION = YES;
				CLANG_WARN_INT_CONVERSION = YES;
				CLANG_WARN_OBJC_ROOT_CLASS = YES_ERROR;
				CLANG_WARN_UNREACHABLE_CODE = YES;
				CLANG_WARN__DUPLICATE_METHOD_MATCH = YES;
				CODE_SIGN_IDENTITY = "-";
				COPY_PHASE_STRIP = NO;
				DEBUG_INFORMATION_FORMAT = "dwarf-with-dsym";
				ENABLE_NS_ASSERTIONS = NO;
				ENABLE_STRICT_OBJC_MSGSEND = YES;
				GCC_C_LANGUAGE_STANDARD = gnu99;
				GCC_NO_COMMON_BLOCKS = YES;
				GCC_WARN_64_TO_32_BIT_CONVERSION = YES;
				GCC_WARN_ABOUT_RETURN_TYPE = YES_ERROR;
				GCC_WARN_UNDECLARED_SELECTOR = YES;
				GCC_WARN_UNINITIALIZED_AUTOS = YES_AGGRESSIVE;
				GCC_WARN_UNUSED_FUNCTION = YES;
				GCC_WARN_UNUSED_VARIABLE = YES;
				MACOSX_DEPLOYMENT_TARGET = 10.11;
				MTL_ENABLE_DEBUG_INFO = NO;
				SDKROOT = macosx;
			};
			name = Release;
		};
		DEFB29F01D55AE590065CBCD /* Debug */ = {
			isa = XCBuildConfiguration;
			buildSettings = {
				CODE_SIGN_IDENTITY = "Mac Developer";
				PRODUCT_NAME = "$(TARGET_NAME)";
				SWIFT_VERSION = 3.0;
			};
			name = Debug;
		};
		DEFB29F11D55AE590065CBCD /* Release */ = {
			isa = XCBuildConfiguration;
			buildSettings = {
				CODE_SIGN_IDENTITY = "Mac Developer";
				PRODUCT_NAME = "$(TARGET_NAME)";
				SWIFT_VERSION = 3.0;
			};
			name = Release;
		};
/* End XCBuildConfiguration section */

/* Begin XCConfigurationList section */
		DEFB29E31D55AE580065CBCD /* Build configuration list for PBXProject "LexisCommandLine" */ = {
			isa = XCConfigurationList;
			buildConfigurations = (
				DEFB29ED1D55AE590065CBCD /* Debug */,
				DEFB29EE1D55AE590065CBCD /* Release */,
			);
			defaultConfigurationIsVisible = 0;
			defaultConfigurationName = Release;
		};
		DEFB29EF1D55AE590065CBCD /* Build configuration list for PBXNativeTarget "LexisCommandLine" */ = {
			isa = XCConfigurationList;
			buildConfigurations = (
				DEFB29F01D55AE590065CBCD /* Debug */,
				DEFB29F11D55AE590065CBCD /* Release */,
			);
			defaultConfigurationIsVisible = 0;
		};
/* End XCConfigurationList section */
	};
	rootObject = DEFB29E01D55AE580065CBCD /* Project object */;
}
